
Microsoft Visual Studio Solution File, Format Version 12.00
# Visual Studio Version 17
VisualStudioVersion = 17.5.002.0
MinimumVisualStudioVersion = 10.0.40219.1
Project("{9A19103F-16F7-4668-BE54-9A1E7A4F7556}") = "UnApIFood", "UnApIFood.csproj", "{31F28CD4-F943-4BF6-99B5-FAA37CA62EF0}"
EndProject
Global
	GlobalSection(SolutionConfigurationPlatforms) = preSolution
		Debug|Any CPU = Debug|Any CPU
		Release|Any CPU = Release|Any CPU
	EndGlobalSection
	GlobalSection(ProjectConfigurationPlatforms) = postSolution
		{31F28CD4-F943-4BF6-99B5-FAA37CA62EF0}.Debug|Any CPU.ActiveCfg = Debug|Any CPU
		{31F28CD4-F943-4BF6-99B5-FAA37CA62EF0}.Debug|Any CPU.Build.0 = Debug|Any CPU
		{31F28CD4-F943-4BF6-99B5-FAA37CA62EF0}.Release|Any CPU.ActiveCfg = Release|Any CPU
		{31F28CD4-F943-4BF6-99B5-FAA37CA62EF0}.Release|Any CPU.Build.0 = Release|Any CPU
	EndGlobalSection
	GlobalSection(SolutionProperties) = preSolution
		HideSolutionNode = FALSE
	EndGlobalSection
	GlobalSection(ExtensibilityGlobals) = postSolution
		SolutionGuid = {915F4C57-E5B7-4255-A8E7-38909F3F627D}
	EndGlobalSection
EndGlobal
